
Microsoft Visual Studio Solution File, Format Version 12.00
# Visual Studio Version 16
VisualStudioVersion = 16.0.30717.126
MinimumVisualStudioVersion = 15.0.26124.0
Project("{9A19103F-16F7-4668-BE54-9A1E7A4F7556}") = "Intuitive.API", "Intuitive.API\Intuitive.API.csproj", "{D69765CF-BD97-4220-A78C-D1C97853F586}"
EndProject
Project("{9A19103F-16F7-4668-BE54-9A1E7A4F7556}") = "Intuitive.Domain", "Intuitive.Domain\Intuitive.Domain.csproj", "{F4C74C7E-4671-46A0-956E-DEC63507692C}"
EndProject
Project("{E24C65DC-7377-472B-9ABA-BC803B73C61A}") = "Intuitive-App", "Intuitive-App\", "{6709C3E2-680A-4BC3-B03A-DC7C988203ED}"
	ProjectSection(WebsiteProperties) = preProject
		TargetFrameworkMoniker = ".NETFramework,Version%3Dv4.0"
		Debug.AspNetCompiler.VirtualPath = "/localhost_51271"
		Debug.AspNetCompiler.PhysicalPath = "Intuitive-App\"
		Debug.AspNetCompiler.TargetPath = "PrecompiledWeb\localhost_51271\"
		Debug.AspNetCompiler.Updateable = "true"
		Debug.AspNetCompiler.ForceOverwrite = "true"
		Debug.AspNetCompiler.FixedNames = "false"
		Debug.AspNetCompiler.Debug = "True"
		Release.AspNetCompiler.VirtualPath = "/localhost_51271"
		Release.AspNetCompiler.PhysicalPath = "Intuitive-App\"
		Release.AspNetCompiler.TargetPath = "PrecompiledWeb\localhost_51271\"
		Release.AspNetCompiler.Updateable = "true"
		Release.AspNetCompiler.ForceOverwrite = "true"
		Release.AspNetCompiler.FixedNames = "false"
		Release.AspNetCompiler.Debug = "False"
		VWDPort = "51271"
	EndProjectSection
EndProject
Global
	GlobalSection(SolutionConfigurationPlatforms) = preSolution
		Debug|Any CPU = Debug|Any CPU
		Debug|x64 = Debug|x64
		Debug|x86 = Debug|x86
		Release|Any CPU = Release|Any CPU
		Release|x64 = Release|x64
		Release|x86 = Release|x86
	EndGlobalSection
	GlobalSection(ProjectConfigurationPlatforms) = postSolution
		{D69765CF-BD97-4220-A78C-D1C97853F586}.Debug|Any CPU.ActiveCfg = Debug|Any CPU
		{D69765CF-BD97-4220-A78C-D1C97853F586}.Debug|Any CPU.Build.0 = Debug|Any CPU
		{D69765CF-BD97-4220-A78C-D1C97853F586}.Debug|x64.ActiveCfg = Debug|Any CPU
		{D69765CF-BD97-4220-A78C-D1C97853F586}.Debug|x64.Build.0 = Debug|Any CPU
		{D69765CF-BD97-4220-A78C-D1C97853F586}.Debug|x86.ActiveCfg = Debug|Any CPU
		{D69765CF-BD97-4220-A78C-D1C97853F586}.Debug|x86.Build.0 = Debug|Any CPU
		{D69765CF-BD97-4220-A78C-D1C97853F586}.Release|Any CPU.ActiveCfg = Release|Any CPU
		{D69765CF-BD97-4220-A78C-D1C97853F586}.Release|Any CPU.Build.0 = Release|Any CPU
		{D69765CF-BD97-4220-A78C-D1C97853F586}.Release|x64.ActiveCfg = Release|Any CPU
		{D69765CF-BD97-4220-A78C-D1C97853F586}.Release|x64.Build.0 = Release|Any CPU
		{D69765CF-BD97-4220-A78C-D1C97853F586}.Release|x86.ActiveCfg = Release|Any CPU
		{D69765CF-BD97-4220-A78C-D1C97853F586}.Release|x86.Build.0 = Release|Any CPU
		{F4C74C7E-4671-46A0-956E-DEC63507692C}.Debug|Any CPU.ActiveCfg = Debug|Any CPU
		{F4C74C7E-4671-46A0-956E-DEC63507692C}.Debug|Any CPU.Build.0 = Debug|Any CPU
		{F4C74C7E-4671-46A0-956E-DEC63507692C}.Debug|x64.ActiveCfg = Debug|Any CPU
		{F4C74C7E-4671-46A0-956E-DEC63507692C}.Debug|x64.Build.0 = Debug|Any CPU
		{F4C74C7E-4671-46A0-956E-DEC63507692C}.Debug|x86.ActiveCfg = Debug|Any CPU
		{F4C74C7E-4671-46A0-956E-DEC63507692C}.Debug|x86.Build.0 = Debug|Any CPU
		{F4C74C7E-4671-46A0-956E-DEC63507692C}.Release|Any CPU.ActiveCfg = Release|Any CPU
		{F4C74C7E-4671-46A0-956E-DEC63507692C}.Release|Any CPU.Build.0 = Release|Any CPU
		{F4C74C7E-4671-46A0-956E-DEC63507692C}.Release|x64.ActiveCfg = Release|Any CPU
		{F4C74C7E-4671-46A0-956E-DEC63507692C}.Release|x64.Build.0 = Release|Any CPU
		{F4C74C7E-4671-46A0-956E-DEC63507692C}.Release|x86.ActiveCfg = Release|Any CPU
		{F4C74C7E-4671-46A0-956E-DEC63507692C}.Release|x86.Build.0 = Release|Any CPU
		{6709C3E2-680A-4BC3-B03A-DC7C988203ED}.Debug|Any CPU.ActiveCfg = Debug|Any CPU
		{6709C3E2-680A-4BC3-B03A-DC7C988203ED}.Debug|Any CPU.Build.0 = Debug|Any CPU
		{6709C3E2-680A-4BC3-B03A-DC7C988203ED}.Debug|x64.ActiveCfg = Debug|Any CPU
		{6709C3E2-680A-4BC3-B03A-DC7C988203ED}.Debug|x64.Build.0 = Debug|Any CPU
		{6709C3E2-680A-4BC3-B03A-DC7C988203ED}.Debug|x86.ActiveCfg = Debug|Any CPU
		{6709C3E2-680A-4BC3-B03A-DC7C988203ED}.Debug|x86.Build.0 = Debug|Any CPU
		{6709C3E2-680A-4BC3-B03A-DC7C988203ED}.Release|Any CPU.ActiveCfg = Debug|Any CPU
		{6709C3E2-680A-4BC3-B03A-DC7C988203ED}.Release|Any CPU.Build.0 = Debug|Any CPU
		{6709C3E2-680A-4BC3-B03A-DC7C988203ED}.Release|x64.ActiveCfg = Debug|Any CPU
		{6709C3E2-680A-4BC3-B03A-DC7C988203ED}.Release|x64.Build.0 = Debug|Any CPU
		{6709C3E2-680A-4BC3-B03A-DC7C988203ED}.Release|x86.ActiveCfg = Debug|Any CPU
		{6709C3E2-680A-4BC3-B03A-DC7C988203ED}.Release|x86.Build.0 = Debug|Any CPU
	EndGlobalSection
	GlobalSection(SolutionProperties) = preSolution
		HideSolutionNode = FALSE
	EndGlobalSection
	GlobalSection(ExtensibilityGlobals) = postSolution
		SolutionGuid = {87BEBC61-1283-4785-A04E-C08FFCE2BFA4}
	EndGlobalSection
EndGlobal
